
Microsoft Visual Studio Solution File, Format Version 12.00
# Visual Studio Version 16
VisualStudioVersion = 16.0.30114.105
MinimumVisualStudioVersion = 10.0.40219.1
Project("{FAE04EC0-301F-11D3-BF4B-00C04F79EFBC}") = "API", "API\API.csproj", "{1F8C17E5-E77F-4018-90CC-B7B611E9F8CE}"
EndProject
Project("{FAE04EC0-301F-11D3-BF4B-00C04F79EFBC}") = "Domain", "Domain\Domain.csproj", "{FD6AC200-98FD-4412-B431-FED0B679973B}"
EndProject
Project("{FAE04EC0-301F-11D3-BF4B-00C04F79EFBC}") = "Persistence", "Persistence\Persistence.csproj", "{47A00E30-BA7D-44D3-AF18-4A89D8571942}"
EndProject
Project("{FAE04EC0-301F-11D3-BF4B-00C04F79EFBC}") = "Application", "Application\Application.csproj", "{9F29C43F-B1BB-4013-BEA2-AB07575E07CF}"
EndProject
Global
	GlobalSection(SolutionConfigurationPlatforms) = preSolution
		Debug|Any CPU = Debug|Any CPU
		Release|Any CPU = Release|Any CPU
	EndGlobalSection
	GlobalSection(SolutionProperties) = preSolution
		HideSolutionNode = FALSE
	EndGlobalSection
	GlobalSection(ProjectConfigurationPlatforms) = postSolution
		{1F8C17E5-E77F-4018-90CC-B7B611E9F8CE}.Debug|Any CPU.ActiveCfg = Debug|Any CPU
		{1F8C17E5-E77F-4018-90CC-B7B611E9F8CE}.Debug|Any CPU.Build.0 = Debug|Any CPU
		{1F8C17E5-E77F-4018-90CC-B7B611E9F8CE}.Release|Any CPU.ActiveCfg = Release|Any CPU
		{1F8C17E5-E77F-4018-90CC-B7B611E9F8CE}.Release|Any CPU.Build.0 = Release|Any CPU
		{FD6AC200-98FD-4412-B431-FED0B679973B}.Debug|Any CPU.ActiveCfg = Debug|Any CPU
		{FD6AC200-98FD-4412-B431-FED0B679973B}.Debug|Any CPU.Build.0 = Debug|Any CPU
		{FD6AC200-98FD-4412-B431-FED0B679973B}.Release|Any CPU.ActiveCfg = Release|Any CPU
		{FD6AC200-98FD-4412-B431-FED0B679973B}.Release|Any CPU.Build.0 = Release|Any CPU
		{47A00E30-BA7D-44D3-AF18-4A89D8571942}.Debug|Any CPU.ActiveCfg = Debug|Any CPU
		{47A00E30-BA7D-44D3-AF18-4A89D8571942}.Debug|Any CPU.Build.0 = Debug|Any CPU
		{47A00E30-BA7D-44D3-AF18-4A89D8571942}.Release|Any CPU.ActiveCfg = Release|Any CPU
		{47A00E30-BA7D-44D3-AF18-4A89D8571942}.Release|Any CPU.Build.0 = Release|Any CPU
		{9F29C43F-B1BB-4013-BEA2-AB07575E07CF}.Debug|Any CPU.ActiveCfg = Debug|Any CPU
		{9F29C43F-B1BB-4013-BEA2-AB07575E07CF}.Debug|Any CPU.Build.0 = Debug|Any CPU
		{9F29C43F-B1BB-4013-BEA2-AB07575E07CF}.Release|Any CPU.ActiveCfg = Release|Any CPU
		{9F29C43F-B1BB-4013-BEA2-AB07575E07CF}.Release|Any CPU.Build.0 = Release|Any CPU
	EndGlobalSection
EndGlobal
